{
  "version": 4,
  "terraform_version": "1.0.10",
  "serial": 340,
  "lineage": "bebcc487-276a-d0e8-7a1c-36e1be1f048f",
  "outputs": {},
  "resources": [
    {
      "mode": "managed",
      "type": "docker_image",
      "name": "kafka",
      "provider": "provider[\"registry.terraform.io/kreuzwerker/docker\"]",
      "instances": [
        {
          "schema_version": 0,
          "attributes": {
            "build": [],
            "force_remove": null,
            "id": "sha256:11142da99906fabff5d0c5f587923ee31f95b678b14db0719d0fe59de9aa444fwurstmeister/kafka:latest",
            "keep_locally": null,
            "latest": "sha256:11142da99906fabff5d0c5f587923ee31f95b678b14db0719d0fe59de9aa444f",
            "name": "wurstmeister/kafka:latest",
            "output": null,
            "pull_trigger": null,
            "pull_triggers": null,
            "repo_digest": "wurstmeister/kafka@sha256:3075767b5e0735535e8c3bae625d7e5e0e6980f74867aae76aeb0a7db538dc7d"
          },
          "sensitive_attributes": [],
          "private": "bnVsbA=="
        }
      ]
    },
    {
      "mode": "managed",
      "type": "docker_image",
      "name": "kafka-manager",
      "provider": "provider[\"registry.terraform.io/kreuzwerker/docker\"]",
      "instances": [
        {
          "schema_version": 0,
          "attributes": {
            "build": [],
            "force_remove": null,
            "id": "sha256:7e05b466455e70583637fdec9f43f5d2a297581bba08c1de231addf466533336hlebalbau/kafka-manager:stable",
            "keep_locally": null,
            "latest": "sha256:7e05b466455e70583637fdec9f43f5d2a297581bba08c1de231addf466533336",
            "name": "hlebalbau/kafka-manager:stable",
            "output": null,
            "pull_trigger": null,
            "pull_triggers": null,
            "repo_digest": "hlebalbau/kafka-manager@sha256:3fcb1b698244176d359a1527455d44d68cb8e84364282bd1fa8b65abf262ecb0"
          },
          "sensitive_attributes": [],
          "private": "bnVsbA=="
        }
      ]
    },
    {
      "mode": "managed",
      "type": "docker_image",
      "name": "zookeeper",
      "provider": "provider[\"registry.terraform.io/kreuzwerker/docker\"]",
      "instances": [
        {
          "schema_version": 0,
          "attributes": {
            "build": [],
            "force_remove": null,
            "id": "sha256:3f43f72cb2832e7a5fbed7f7dbcd0c43004357974d8f32555d101bd53e81e74fwurstmeister/zookeeper:latest",
            "keep_locally": null,
            "latest": "sha256:3f43f72cb2832e7a5fbed7f7dbcd0c43004357974d8f32555d101bd53e81e74f",
            "name": "wurstmeister/zookeeper:latest",
            "output": null,
            "pull_trigger": null,
            "pull_triggers": null,
            "repo_digest": "wurstmeister/zookeeper@sha256:7a7fd44a72104bfbd24a77844bad5fabc86485b036f988ea927d1780782a6680"
          },
          "sensitive_attributes": [],
          "private": "bnVsbA=="
        }
      ]
    }
  ]
}
